
Microsoft Visual Studio Solution File, Format Version 12.00
# Visual Studio Version 16
VisualStudioVersion = 16.0.30804.86
MinimumVisualStudioVersion = 10.0.40219.1
Project("{FAE04EC0-301F-11D3-BF4B-00C04F79EFBC}") = "tasker", "tasker\tasker.csproj", "{699DAFAD-C420-46FE-A1C7-2E280D960E53}"
EndProject
Global
	GlobalSection(SolutionConfigurationPlatforms) = preSolution
		Debug|Any CPU = Debug|Any CPU
		Release|Any CPU = Release|Any CPU
	EndGlobalSection
	GlobalSection(ProjectConfigurationPlatforms) = postSolution
		{699DAFAD-C420-46FE-A1C7-2E280D960E53}.Debug|Any CPU.ActiveCfg = Debug|Any CPU
		{699DAFAD-C420-46FE-A1C7-2E280D960E53}.Debug|Any CPU.Build.0 = Debug|Any CPU
		{699DAFAD-C420-46FE-A1C7-2E280D960E53}.Release|Any CPU.ActiveCfg = Release|Any CPU
		{699DAFAD-C420-46FE-A1C7-2E280D960E53}.Release|Any CPU.Build.0 = Release|Any CPU
	EndGlobalSection
	GlobalSection(SolutionProperties) = preSolution
		HideSolutionNode = FALSE
	EndGlobalSection
	GlobalSection(ExtensibilityGlobals) = postSolution
		SolutionGuid = {76A3DA14-8097-4B3B-8554-8CC62D6767B4}
	EndGlobalSection
EndGlobal
